PODS:
  - SDWebImage (5.14.1):
    - SDWebImage/Core (= 5.14.1)
  - SDWebImage/Core (5.14.1)

DEPENDENCIES:
  - SDWebImage

SPEC REPOS:
  trunk:
    - SDWebImage

SPEC CHECKSUMS:
  SDWebImage: e1b3c38f170c6100130fce6856e423ed9e5f4fce

PODFILE CHECKSUM: 68b0c481fdc5a8bdfb217851f7a313bc4bf680f5

COCOAPODS: 1.11.3
